
Microsoft Visual Studio Solution File, Format Version 12.00
# Visual Studio Version 16
VisualStudioVersion = 16.0.33529.622
MinimumVisualStudioVersion = 10.0.40219.1
Project("{FAE04EC0-301F-11D3-BF4B-00C04F79EFBC}") = "VPN_Active", "VPN_Active\VPN_Active.csproj", "{ED98A772-DB0B-4044-B63E-013CA1F28283}"
EndProject
Global
	GlobalSection(SolutionConfigurationPlatforms) = preSolution
		Debug|Any CPU = Debug|Any CPU
		Release|Any CPU = Release|Any CPU
	EndGlobalSection
	GlobalSection(ProjectConfigurationPlatforms) = postSolution
		{ED98A772-DB0B-4044-B63E-013CA1F28283}.Debug|Any CPU.ActiveCfg = Debug|Any CPU
		{ED98A772-DB0B-4044-B63E-013CA1F28283}.Debug|Any CPU.Build.0 = Debug|Any CPU
		{ED98A772-DB0B-4044-B63E-013CA1F28283}.Release|Any CPU.ActiveCfg = Release|Any CPU
		{ED98A772-DB0B-4044-B63E-013CA1F28283}.Release|Any CPU.Build.0 = Release|Any CPU
	EndGlobalSection
	GlobalSection(SolutionProperties) = preSolution
		HideSolutionNode = FALSE
	EndGlobalSection
	GlobalSection(ExtensibilityGlobals) = postSolution
		SolutionGuid = {17BC88C8-8C05-48CC-99BE-7BDEE209C01E}
	EndGlobalSection
EndGlobal
